
Microsoft Visual Studio Solution File, Format Version 12.00
# Visual Studio Version 16
VisualStudioVersion = 16.0.31424.327
MinimumVisualStudioVersion = 10.0.40219.1
Project("{FAE04EC0-301F-11D3-BF4B-00C04F79EFBC}") = "Gui", "Gui\Gui.csproj", "{7A690C2F-7E2E-41AC-AEE6-EEAC7EBB4B70}"
EndProject
Global
	GlobalSection(SolutionConfigurationPlatforms) = preSolution
		Debug|Any CPU = Debug|Any CPU
		Release|Any CPU = Release|Any CPU
	EndGlobalSection
	GlobalSection(ProjectConfigurationPlatforms) = postSolution
		{7A690C2F-7E2E-41AC-AEE6-EEAC7EBB4B70}.Debug|Any CPU.ActiveCfg = Debug|Any CPU
		{7A690C2F-7E2E-41AC-AEE6-EEAC7EBB4B70}.Debug|Any CPU.Build.0 = Debug|Any CPU
		{7A690C2F-7E2E-41AC-AEE6-EEAC7EBB4B70}.Release|Any CPU.ActiveCfg = Release|Any CPU
		{7A690C2F-7E2E-41AC-AEE6-EEAC7EBB4B70}.Release|Any CPU.Build.0 = Release|Any CPU
	EndGlobalSection
	GlobalSection(SolutionProperties) = preSolution
		HideSolutionNode = FALSE
	EndGlobalSection
	GlobalSection(ExtensibilityGlobals) = postSolution
		SolutionGuid = {3EEF5150-D751-49C7-880C-45DC8CAC3B76}
	EndGlobalSection
EndGlobal
